// !$*UTF8*$!
{
	archiveVersion = 1;
	classes = {
	};
	objectVersion = 50;
	objects = {

/* Begin PBXBuildFile section */
		081804F225C314D4004CCADA /* ContactDetailViewModel.swift in Sources */ = {isa = PBXBuildFile; fileRef = 081804F125C314D4004CCADA /* ContactDetailViewModel.swift */; };
		081804F625C314DD004CCADA /* ContactDetailViewable.swift in Sources */ = {isa = PBXBuildFile; fileRef = 081804F525C314DD004CCADA /* ContactDetailViewable.swift */; };
		085AFCFD25C1D18D009A2A63 /* HomeViewController.swift in Sources */ = {isa = PBXBuildFile; fileRef = 085AFCFC25C1D18D009A2A63 /* HomeViewController.swift */; };
		085AFD0325C1D268009A2A63 /* HomeViewable.swift in Sources */ = {isa = PBXBuildFile; fileRef = 085AFD0225C1D268009A2A63 /* HomeViewable.swift */; };
		085AFD0725C1D26E009A2A63 /* HomeViewModel.swift in Sources */ = {isa = PBXBuildFile; fileRef = 085AFD0625C1D26E009A2A63 /* HomeViewModel.swift */; };
		08832D3525C1C7C000DA123A /* AppDelegate.swift in Sources */ = {isa = PBXBuildFile; fileRef = 08832D3425C1C7C000DA123A /* AppDelegate.swift */; };
		08832D3725C1C7C000DA123A /* SceneDelegate.swift in Sources */ = {isa = PBXBuildFile; fileRef = 08832D3625C1C7C000DA123A /* SceneDelegate.swift */; };
		08832D3C25C1C7C000DA123A /* Main.storyboard in Resources */ = {isa = PBXBuildFile; fileRef = 08832D3A25C1C7C000DA123A /* Main.storyboard */; };
		08832D3E25C1C7C200DA123A /* Assets.xcassets in Resources */ = {isa = PBXBuildFile; fileRef = 08832D3D25C1C7C200DA123A /* Assets.xcassets */; };
		08832D4125C1C7C200DA123A /* LaunchScreen.storyboard in Resources */ = {isa = PBXBuildFile; fileRef = 08832D3F25C1C7C200DA123A /* LaunchScreen.storyboard */; };
		08832D4C25C1C7C200DA123A /* QRCodeTests.swift in Sources */ = {isa = PBXBuildFile; fileRef = 08832D4B25C1C7C200DA123A /* QRCodeTests.swift */; };
		08AEEA5125C58083000535BC /* NetworkManagable.swift in Sources */ = {isa = PBXBuildFile; fileRef = 08AEEA4F25C58083000535BC /* NetworkManagable.swift */; };
		08AEEA5225C58083000535BC /* NetworkManager.swift in Sources */ = {isa = PBXBuildFile; fileRef = 08AEEA5025C58083000535BC /* NetworkManager.swift */; };
		08AEEA5825C5836A000535BC /* QRCodeManager.swift in Sources */ = {isa = PBXBuildFile; fileRef = 08AEEA5725C5836A000535BC /* QRCodeManager.swift */; };
		08AEEA5C25C5839A000535BC /* QRCodeManagerDelegate.swift in Sources */ = {isa = PBXBuildFile; fileRef = 08AEEA5B25C5839A000535BC /* QRCodeManagerDelegate.swift */; };
		08AEEA6225C583D3000535BC /* QRCodeRequest.swift in Sources */ = {isa = PBXBuildFile; fileRef = 08AEEA6125C583D3000535BC /* QRCodeRequest.swift */; };
		08AEEA6F25C58580000535BC /* EncodableExtension.swift in Sources */ = {isa = PBXBuildFile; fileRef = 08AEEA6E25C58580000535BC /* EncodableExtension.swift */; };
		08C8843025C473DC006DE998 /* ContactDetailTableViewController.swift in Sources */ = {isa = PBXBuildFile; fileRef = 08C8842F25C473DC006DE998 /* ContactDetailTableViewController.swift */; };
		08C8843725C47D2C006DE998 /* ContactImageView.swift in Sources */ = {isa = PBXBuildFile; fileRef = 08C8843625C47D2C006DE998 /* ContactImageView.swift */; };
		08E0AEAD25C58EA40032F68D /* QRError.swift in Sources */ = {isa = PBXBuildFile; fileRef = 08E0AEAC25C58EA40032F68D /* QRError.swift */; };
		08E0AEB125C5919B0032F68D /* UIViewControllerExtensions.swift in Sources */ = {isa = PBXBuildFile; fileRef = 08E0AEB025C5919B0032F68D /* UIViewControllerExtensions.swift */; };
		08E0AEB525C591B50032F68D /* GlobalStrings.swift in Sources */ = {isa = PBXBuildFile; fileRef = 08E0AEB425C591B50032F68D /* GlobalStrings.swift */; };
		08E0AEB925C593630032F68D /* QRCodeTableViewCell.swift in Sources */ = {isa = PBXBuildFile; fileRef = 08E0AEB825C593630032F68D /* QRCodeTableViewCell.swift */; };
		08E0AEBE25C6ABFF0032F68D /* QRScannerView.swift in Sources */ = {isa = PBXBuildFile; fileRef = 08E0AEBD25C6ABFF0032F68D /* QRScannerView.swift */; };
		08E0AEC225C6AC320032F68D /* QRScannerViewDelegate.swift in Sources */ = {isa = PBXBuildFile; fileRef = 08E0AEC125C6AC320032F68D /* QRScannerViewDelegate.swift */; };
		08E0AEC725C6AE550032F68D /* QRScannerViewController.swift in Sources */ = {isa = PBXBuildFile; fileRef = 08E0AEC625C6AE550032F68D /* QRScannerViewController.swift */; };
		08E0AECD25C6AFD00032F68D /* QRScannerViewModel.swift in Sources */ = {isa = PBXBuildFile; fileRef = 08E0AECC25C6AFD00032F68D /* QRScannerViewModel.swift */; };
		08E0AED825C6AFF30032F68D /* QRScannerViewable.swift in Sources */ = {isa = PBXBuildFile; fileRef = 08E0AED725C6AFF30032F68D /* QRScannerViewable.swift */; };
		08E0AEDC25C6B2550032F68D /* QRScannerDelegate.swift in Sources */ = {isa = PBXBuildFile; fileRef = 08E0AEDB25C6B2550032F68D /* QRScannerDelegate.swift */; };
		08E7D0E225C5641600A22310 /* ContactInfoTableViewCell.swift in Sources */ = {isa = PBXBuildFile; fileRef = 08E7D0E025C5641600A22310 /* ContactInfoTableViewCell.swift */; };
		08E7D0E925C564EF00A22310 /* Theme.swift in Sources */ = {isa = PBXBuildFile; fileRef = 08E7D0E825C564EF00A22310 /* Theme.swift */; };
/* End PBXBuildFile section */

/* Begin PBXContainerItemProxy section */
		08832D4825C1C7C200DA123A /* PBXContainerItemProxy */ = {
			isa = PBXContainerItemProxy;
			containerPortal = 08832D2925C1C7C000DA123A /* Project object */;
			proxyType = 1;
			remoteGlobalIDString = 08832D3025C1C7C000DA123A;
			remoteInfo = QRCode;
		};
/* End PBXContainerItemProxy section */

/* Begin PBXFileReference section */
		081804F125C314D4004CCADA /* ContactDetailViewModel.swift */ = {isa = PBXFileReference; lastKnownFileType = sourcecode.swift; path = ContactDetailViewModel.swift; sourceTree = "<group>"; };
		081804F525C314DD004CCADA /* ContactDetailViewable.swift */ = {isa = PBXFileReference; lastKnownFileType = sourcecode.swift; path = ContactDetailViewable.swift; sourceTree = "<group>"; };
		085AFCFC25C1D18D009A2A63 /* HomeViewController.swift */ = {isa = PBXFileReference; lastKnownFileType = sourcecode.swift; path = HomeViewController.swift; sourceTree = "<group>"; };
		085AFD0225C1D268009A2A63 /* HomeViewable.swift */ = {isa = PBXFileReference; lastKnownFileType = sourcecode.swift; path = HomeViewable.swift; sourceTree = "<group>"; };
		085AFD0625C1D26E009A2A63 /* HomeViewModel.swift */ = {isa = PBXFileReference; lastKnownFileType = sourcecode.swift; path = HomeViewModel.swift; sourceTree = "<group>"; };
		08832D3125C1C7C000DA123A /* QRCode.app */ = {isa = PBXFileReference; explicitFileType = wrapper.application; includeInIndex = 0; path = QRCode.app; sourceTree = BUILT_PRODUCTS_DIR; };
		08832D3425C1C7C000DA123A /* AppDelegate.swift */ = {isa = PBXFileReference; lastKnownFileType = sourcecode.swift; path = AppDelegate.swift; sourceTree = "<group>"; };
		08832D3625C1C7C000DA123A /* SceneDelegate.swift */ = {isa = PBXFileReference; lastKnownFileType = sourcecode.swift; path = SceneDelegate.swift; sourceTree = "<group>"; };
		08832D3B25C1C7C000DA123A /* Base */ = {isa = PBXFileReference; lastKnownFileType = file.storyboard; name = Base; path = Base.lproj/Main.storyboard; sourceTree = "<group>"; };
		08832D3D25C1C7C200DA123A /* Assets.xcassets */ = {isa = PBXFileReference; lastKnownFileType = folder.assetcatalog; path = Assets.xcassets; sourceTree = "<group>"; };
		08832D4025C1C7C200DA123A /* Base */ = {isa = PBXFileReference; lastKnownFileType = file.storyboard; name = Base; path = Base.lproj/LaunchScreen.storyboard; sourceTree = "<group>"; };
		08832D4225C1C7C200DA123A /* Info.plist */ = {isa = PBXFileReference; lastKnownFileType = text.plist.xml; path = Info.plist; sourceTree = "<group>"; };
		08832D4725C1C7C200DA123A /* QRCodeTests.xctest */ = {isa = PBXFileReference; explicitFileType = wrapper.cfbundle; includeInIndex = 0; path = QRCodeTests.xctest; sourceTree = BUILT_PRODUCTS_DIR; };
		08832D4B25C1C7C200DA123A /* QRCodeTests.swift */ = {isa = PBXFileReference; lastKnownFileType = sourcecode.swift; path = QRCodeTests.swift; sourceTree = "<group>"; };
		08832D4D25C1C7C200DA123A /* Info.plist */ = {isa = PBXFileReference; lastKnownFileType = text.plist.xml; path = Info.plist; sourceTree = "<group>"; };
		08AEEA4F25C58083000535BC /* NetworkManagable.swift */ = {isa = PBXFileReference; fileEncoding = 4; lastKnownFileType = sourcecode.swift; path = NetworkManagable.swift; sourceTree = "<group>"; };
		08AEEA5025C58083000535BC /* NetworkManager.swift */ = {isa = PBXFileReference; fileEncoding = 4; lastKnownFileType = sourcecode.swift; path = NetworkManager.swift; sourceTree = "<group>"; };
		08AEEA5725C5836A000535BC /* QRCodeManager.swift */ = {isa = PBXFileReference; lastKnownFileType = sourcecode.swift; path = QRCodeManager.swift; sourceTree = "<group>"; };
		08AEEA5B25C5839A000535BC /* QRCodeManagerDelegate.swift */ = {isa = PBXFileReference; lastKnownFileType = sourcecode.swift; path = QRCodeManagerDelegate.swift; sourceTree = "<group>"; };
		08AEEA6125C583D3000535BC /* QRCodeRequest.swift */ = {isa = PBXFileReference; lastKnownFileType = sourcecode.swift; path = QRCodeRequest.swift; sourceTree = "<group>"; };
		08AEEA6E25C58580000535BC /* EncodableExtension.swift */ = {isa = PBXFileReference; fileEncoding = 4; lastKnownFileType = sourcecode.swift; path = EncodableExtension.swift; sourceTree = "<group>"; };
		08C8842F25C473DC006DE998 /* ContactDetailTableViewController.swift */ = {isa = PBXFileReference; lastKnownFileType = sourcecode.swift; path = ContactDetailTableViewController.swift; sourceTree = "<group>"; };
		08C8843625C47D2C006DE998 /* ContactImageView.swift */ = {isa = PBXFileReference; lastKnownFileType = sourcecode.swift; path = ContactImageView.swift; sourceTree = "<group>"; };
		08E0AEAC25C58EA40032F68D /* QRError.swift */ = {isa = PBXFileReference; lastKnownFileType = sourcecode.swift; path = QRError.swift; sourceTree = "<group>"; };
		08E0AEB025C5919B0032F68D /* UIViewControllerExtensions.swift */ = {isa = PBXFileReference; fileEncoding = 4; lastKnownFileType = sourcecode.swift; path = UIViewControllerExtensions.swift; sourceTree = "<group>"; };
		08E0AEB425C591B50032F68D /* GlobalStrings.swift */ = {isa = PBXFileReference; lastKnownFileType = sourcecode.swift; path = GlobalStrings.swift; sourceTree = "<group>"; };
		08E0AEB825C593630032F68D /* QRCodeTableViewCell.swift */ = {isa = PBXFileReference; lastKnownFileType = sourcecode.swift; path = QRCodeTableViewCell.swift; sourceTree = "<group>"; };
		08E0AEBD25C6ABFF0032F68D /* QRScannerView.swift */ = {isa = PBXFileReference; lastKnownFileType = sourcecode.swift; path = QRScannerView.swift; sourceTree = "<group>"; };
		08E0AEC125C6AC320032F68D /* QRScannerViewDelegate.swift */ = {isa = PBXFileReference; lastKnownFileType = sourcecode.swift; path = QRScannerViewDelegate.swift; sourceTree = "<group>"; };
		08E0AEC625C6AE550032F68D /* QRScannerViewController.swift */ = {isa = PBXFileReference; lastKnownFileType = sourcecode.swift; path = QRScannerViewController.swift; sourceTree = "<group>"; };
		08E0AECC25C6AFD00032F68D /* QRScannerViewModel.swift */ = {isa = PBXFileReference; lastKnownFileType = sourcecode.swift; path = QRScannerViewModel.swift; sourceTree = "<group>"; };
		08E0AED725C6AFF30032F68D /* QRScannerViewable.swift */ = {isa = PBXFileReference; lastKnownFileType = sourcecode.swift; path = QRScannerViewable.swift; sourceTree = "<group>"; };
		08E0AEDB25C6B2550032F68D /* QRScannerDelegate.swift */ = {isa = PBXFileReference; lastKnownFileType = sourcecode.swift; path = QRScannerDelegate.swift; sourceTree = "<group>"; };
		08E7D0E025C5641600A22310 /* ContactInfoTableViewCell.swift */ = {isa = PBXFileReference; lastKnownFileType = sourcecode.swift; path = ContactInfoTableViewCell.swift; sourceTree = "<group>"; };
		08E7D0E825C564EF00A22310 /* Theme.swift */ = {isa = PBXFileReference; lastKnownFileType = sourcecode.swift; path = Theme.swift; sourceTree = "<group>"; };
/* End PBXFileReference section */

/* Begin PBXFrameworksBuildPhase section */
		08832D2E25C1C7C000DA123A /* Frameworks */ = {
			isa = PBXFrameworksBuildPhase;
			buildActionMask = 2147483647;
			files = (
			);
			runOnlyForDeploymentPostprocessing = 0;
		};
		08832D4425C1C7C200DA123A /* Frameworks */ = {
			isa = PBXFrameworksBuildPhase;
			buildActionMask = 2147483647;
			files = (
			);
			runOnlyForDeploymentPostprocessing = 0;
		};
/* End PBXFrameworksBuildPhase section */

/* Begin PBXGroup section */
		081804F025C314C5004CCADA /* ContactDetail */ = {
			isa = PBXGroup;
			children = (
				08C8843525C47CFB006DE998 /* Views */,
				08E7D0DF25C563E300A22310 /* Cells */,
				08C8842F25C473DC006DE998 /* ContactDetailTableViewController.swift */,
				081804F525C314DD004CCADA /* ContactDetailViewable.swift */,
				081804F125C314D4004CCADA /* ContactDetailViewModel.swift */,
			);
			path = ContactDetail;
			sourceTree = "<group>";
		};
		085AFCFB25C1D16D009A2A63 /* Home */ = {
			isa = PBXGroup;
			children = (
				085AFCFC25C1D18D009A2A63 /* HomeViewController.swift */,
				085AFD0225C1D268009A2A63 /* HomeViewable.swift */,
				085AFD0625C1D26E009A2A63 /* HomeViewModel.swift */,
			);
			path = Home;
			sourceTree = "<group>";
		};
		08832D2825C1C7C000DA123A = {
			isa = PBXGroup;
			children = (
				08832D3325C1C7C000DA123A /* QRCode */,
				08832D4A25C1C7C200DA123A /* QRCodeTests */,
				08832D3225C1C7C000DA123A /* Products */,
			);
			sourceTree = "<group>";
		};
		08832D3225C1C7C000DA123A /* Products */ = {
			isa = PBXGroup;
			children = (
				08832D3125C1C7C000DA123A /* QRCode.app */,
				08832D4725C1C7C200DA123A /* QRCodeTests.xctest */,
			);
			name = Products;
			sourceTree = "<group>";
		};
		08832D3325C1C7C000DA123A /* QRCode */ = {
			isa = PBXGroup;
			children = (
				08832D7025C1CC8E00DA123A /* Config */,
				08832D7125C1CCA400DA123A /* Storyboards */,
				08832D6F25C1CC8400DA123A /* Controllers */,
				08AEEA4625C57FCF000535BC /* Networking */,
				08AEEA7225C585FF000535BC /* Extensions */,
				08832D7225C1CCC300DA123A /* Resources */,
			);
			path = QRCode;
			sourceTree = "<group>";
		};
		08832D4A25C1C7C200DA123A /* QRCodeTests */ = {
			isa = PBXGroup;
			children = (
				08832D4B25C1C7C200DA123A /* QRCodeTests.swift */,
				08832D4D25C1C7C200DA123A /* Info.plist */,
			);
			path = QRCodeTests;
			sourceTree = "<group>";
		};
		08832D6F25C1CC8400DA123A /* Controllers */ = {
			isa = PBXGroup;
			children = (
				08E0AEC525C6AE340032F68D /* QRScanner */,
				081804F025C314C5004CCADA /* ContactDetail */,
				085AFCFB25C1D16D009A2A63 /* Home */,
			);
			path = Controllers;
			sourceTree = "<group>";
		};
		08832D7025C1CC8E00DA123A /* Config */ = {
			isa = PBXGroup;
			children = (
				08E7D0E825C564EF00A22310 /* Theme.swift */,
				08E0AEB425C591B50032F68D /* GlobalStrings.swift */,
				08832D3425C1C7C000DA123A /* AppDelegate.swift */,
				08832D3625C1C7C000DA123A /* SceneDelegate.swift */,
				08832D3F25C1C7C200DA123A /* LaunchScreen.storyboard */,
				08832D4225C1C7C200DA123A /* Info.plist */,
			);
			path = Config;
			sourceTree = "<group>";
		};
		08832D7125C1CCA400DA123A /* Storyboards */ = {
			isa = PBXGroup;
			children = (
				08832D3A25C1C7C000DA123A /* Main.storyboard */,
			);
			path = Storyboards;
			sourceTree = "<group>";
		};
		08832D7225C1CCC300DA123A /* Resources */ = {
			isa = PBXGroup;
			children = (
				08832D3D25C1C7C200DA123A /* Assets.xcassets */,
			);
			path = Resources;
			sourceTree = "<group>";
		};
		08AEEA4625C57FCF000535BC /* Networking */ = {
			isa = PBXGroup;
			children = (
				08AEEA5625C58354000535BC /* QRCodeManager */,
				08AEEA5525C5834B000535BC /* NetworkManager */,
			);
			path = Networking;
			sourceTree = "<group>";
		};
		08AEEA5525C5834B000535BC /* NetworkManager */ = {
			isa = PBXGroup;
			children = (
				08AEEA4F25C58083000535BC /* NetworkManagable.swift */,
				08AEEA5025C58083000535BC /* NetworkManager.swift */,
				08E0AEAC25C58EA40032F68D /* QRError.swift */,
			);
			path = NetworkManager;
			sourceTree = "<group>";
		};
		08AEEA5625C58354000535BC /* QRCodeManager */ = {
			isa = PBXGroup;
			children = (
				08AEEA6125C583D3000535BC /* QRCodeRequest.swift */,
				08AEEA5725C5836A000535BC /* QRCodeManager.swift */,
				08AEEA5B25C5839A000535BC /* QRCodeManagerDelegate.swift */,
			);
			path = QRCodeManager;
			sourceTree = "<group>";
		};
		08AEEA7225C585FF000535BC /* Extensions */ = {
			isa = PBXGroup;
			children = (
				08E0AEB025C5919B0032F68D /* UIViewControllerExtensions.swift */,
				08AEEA6E25C58580000535BC /* EncodableExtension.swift */,
			);
			path = Extensions;
			sourceTree = "<group>";
		};
		08C8843525C47CFB006DE998 /* Views */ = {
			isa = PBXGroup;
			children = (
				08C8843625C47D2C006DE998 /* ContactImageView.swift */,
			);
			path = Views;
			sourceTree = "<group>";
		};
		08E0AEBC25C6ABEA0032F68D /* Views */ = {
			isa = PBXGroup;
			children = (
				08E0AEBD25C6ABFF0032F68D /* QRScannerView.swift */,
				08E0AEC125C6AC320032F68D /* QRScannerViewDelegate.swift */,
			);
			path = Views;
			sourceTree = "<group>";
		};
		08E0AEC525C6AE340032F68D /* QRScanner */ = {
			isa = PBXGroup;
			children = (
				08E0AEBC25C6ABEA0032F68D /* Views */,
				08E0AEC625C6AE550032F68D /* QRScannerViewController.swift */,
				08E0AED725C6AFF30032F68D /* QRScannerViewable.swift */,
				08E0AECC25C6AFD00032F68D /* QRScannerViewModel.swift */,
				08E0AEDB25C6B2550032F68D /* QRScannerDelegate.swift */,
			);
			path = QRScanner;
			sourceTree = "<group>";
		};
		08E7D0DF25C563E300A22310 /* Cells */ = {
			isa = PBXGroup;
			children = (
				08E7D0E025C5641600A22310 /* ContactInfoTableViewCell.swift */,
				08E0AEB825C593630032F68D /* QRCodeTableViewCell.swift */,
			);
			path = Cells;
			sourceTree = "<group>";
		};
/* End PBXGroup section */

/* Begin PBXNativeTarget section */
		08832D3025C1C7C000DA123A /* QRCode */ = {
			isa = PBXNativeTarget;
			buildConfigurationList = 08832D5B25C1C7C200DA123A /* Build configuration list for PBXNativeTarget "QRCode" */;
			buildPhases = (
				08832D2D25C1C7C000DA123A /* Sources */,
				08832D2E25C1C7C000DA123A /* Frameworks */,
				08832D2F25C1C7C000DA123A /* Resources */,
			);
			buildRules = (
			);
			dependencies = (
			);
			name = QRCode;
			productName = QRCode;
			productReference = 08832D3125C1C7C000DA123A /* QRCode.app */;
			productType = "com.apple.product-type.application";
		};
		08832D4625C1C7C200DA123A /* QRCodeTests */ = {
			isa = PBXNativeTarget;
			buildConfigurationList = 08832D5E25C1C7C200DA123A /* Build configuration list for PBXNativeTarget "QRCodeTests" */;
			buildPhases = (
				08832D4325C1C7C200DA123A /* Sources */,
				08832D4425C1C7C200DA123A /* Frameworks */,
				08832D4525C1C7C200DA123A /* Resources */,
			);
			buildRules = (
			);
			dependencies = (
				08832D4925C1C7C200DA123A /* PBXTargetDependency */,
			);
			name = QRCodeTests;
			productName = QRCodeTests;
			productReference = 08832D4725C1C7C200DA123A /* QRCodeTests.xctest */;
			productType = "com.apple.product-type.bundle.unit-test";
		};
/* End PBXNativeTarget section */

/* Begin PBXProject section */
		08832D2925C1C7C000DA123A /* Project object */ = {
			isa = PBXProject;
			attributes = {
				LastSwiftUpdateCheck = 1210;
				LastUpgradeCheck = 1210;
				TargetAttributes = {
					08832D3025C1C7C000DA123A = {
						CreatedOnToolsVersion = 12.1;
					};
					08832D4625C1C7C200DA123A = {
						CreatedOnToolsVersion = 12.1;
						TestTargetID = 08832D3025C1C7C000DA123A;
					};
				};
			};
			buildConfigurationList = 08832D2C25C1C7C000DA123A /* Build configuration list for PBXProject "QRCode" */;
			compatibilityVersion = "Xcode 9.3";
			developmentRegion = en;
			hasScannedForEncodings = 0;
			knownRegions = (
				en,
				Base,
			);
			mainGroup = 08832D2825C1C7C000DA123A;
			productRefGroup = 08832D3225C1C7C000DA123A /* Products */;
			projectDirPath = "";
			projectRoot = "";
			targets = (
				08832D3025C1C7C000DA123A /* QRCode */,
				08832D4625C1C7C200DA123A /* QRCodeTests */,
			);
		};
/* End PBXProject section */

/* Begin PBXResourcesBuildPhase section */
		08832D2F25C1C7C000DA123A /* Resources */ = {
			isa = PBXResourcesBuildPhase;
			buildActionMask = 2147483647;
			files = (
				08832D4125C1C7C200DA123A /* LaunchScreen.storyboard in Resources */,
				08832D3E25C1C7C200DA123A /* Assets.xcassets in Resources */,
				08832D3C25C1C7C000DA123A /* Main.storyboard in Resources */,
			);
			runOnlyForDeploymentPostprocessing = 0;
		};
		08832D4525C1C7C200DA123A /* Resources */ = {
			isa = PBXResourcesBuildPhase;
			buildActionMask = 2147483647;
			files = (
			);
			runOnlyForDeploymentPostprocessing = 0;
		};
/* End PBXResourcesBuildPhase section */

/* Begin PBXSourcesBuildPhase section */
		08832D2D25C1C7C000DA123A /* Sources */ = {
			isa = PBXSourcesBuildPhase;
			buildActionMask = 2147483647;
			files = (
				08832D3525C1C7C000DA123A /* AppDelegate.swift in Sources */,
				08C8843725C47D2C006DE998 /* ContactImageView.swift in Sources */,
				08E0AEBE25C6ABFF0032F68D /* QRScannerView.swift in Sources */,
				081804F625C314DD004CCADA /* ContactDetailViewable.swift in Sources */,
				08AEEA5225C58083000535BC /* NetworkManager.swift in Sources */,
				085AFD0325C1D268009A2A63 /* HomeViewable.swift in Sources */,
				08E0AEB525C591B50032F68D /* GlobalStrings.swift in Sources */,
				08AEEA6225C583D3000535BC /* QRCodeRequest.swift in Sources */,
				08E7D0E925C564EF00A22310 /* Theme.swift in Sources */,
				08E0AEB125C5919B0032F68D /* UIViewControllerExtensions.swift in Sources */,
				08832D3725C1C7C000DA123A /* SceneDelegate.swift in Sources */,
				085AFD0725C1D26E009A2A63 /* HomeViewModel.swift in Sources */,
				08E0AEB925C593630032F68D /* QRCodeTableViewCell.swift in Sources */,
				08AEEA5125C58083000535BC /* NetworkManagable.swift in Sources */,
				08AEEA5C25C5839A000535BC /* QRCodeManagerDelegate.swift in Sources */,
				08E0AECD25C6AFD00032F68D /* QRScannerViewModel.swift in Sources */,
				08AEEA5825C5836A000535BC /* QRCodeManager.swift in Sources */,
				081804F225C314D4004CCADA /* ContactDetailViewModel.swift in Sources */,
				08E0AEC225C6AC320032F68D /* QRScannerViewDelegate.swift in Sources */,
				08E0AEAD25C58EA40032F68D /* QRError.swift in Sources */,
				08E0AED825C6AFF30032F68D /* QRScannerViewable.swift in Sources */,
				085AFCFD25C1D18D009A2A63 /* HomeViewController.swift in Sources */,
				08E0AEC725C6AE550032F68D /* QRScannerViewController.swift in Sources */,
				08AEEA6F25C58580000535BC /* EncodableExtension.swift in Sources */,
				08E7D0E225C5641600A22310 /* ContactInfoTableViewCell.swift in Sources */,
				08E0AEDC25C6B2550032F68D /* QRScannerDelegate.swift in Sources */,
				08C8843025C473DC006DE998 /* ContactDetailTableViewController.swift in Sources */,
			);
			runOnlyForDeploymentPostprocessing = 0;
		};
		08832D4325C1C7C200DA123A /* Sources */ = {
			isa = PBXSourcesBuildPhase;
			buildActionMask = 2147483647;
			files = (
				08832D4C25C1C7C200DA123A /* QRCodeTests.swift in Sources */,
			);
			runOnlyForDeploymentPostprocessing = 0;
		};
/* End PBXSourcesBuildPhase section */

/* Begin PBXTargetDependency section */
		08832D4925C1C7C200DA123A /* PBXTargetDependency */ = {
			isa = PBXTargetDependency;
			target = 08832D3025C1C7C000DA123A /* QRCode */;
			targetProxy = 08832D4825C1C7C200DA123A /* PBXContainerItemProxy */;
		};
/* End PBXTargetDependency section */

/* Begin PBXVariantGroup section */
		08832D3A25C1C7C000DA123A /* Main.storyboard */ = {
			isa = PBXVariantGroup;
			children = (
				08832D3B25C1C7C000DA123A /* Base */,
			);
			name = Main.storyboard;
			sourceTree = "<group>";
		};
		08832D3F25C1C7C200DA123A /* LaunchScreen.storyboard */ = {
			isa = PBXVariantGroup;
			children = (
				08832D4025C1C7C200DA123A /* Base */,
			);
			name = LaunchScreen.storyboard;
			sourceTree = "<group>";
		};
/* End PBXVariantGroup section */

/* Begin XCBuildConfiguration section */
		08832D5925C1C7C200DA123A /* Debug */ = {
			isa = XCBuildConfiguration;
			buildSettings = {
				ALWAYS_SEARCH_USER_PATHS = NO;
				CLANG_ANALYZER_NONNULL = YES;
				CLANG_ANALYZER_NUMBER_OBJECT_CONVERSION = YES_AGGRESSIVE;
				CLANG_CXX_LANGUAGE_STANDARD = "gnu++14";
				CLANG_CXX_LIBRARY = "libc++";
				CLANG_ENABLE_MODULES = YES;
				CLANG_ENABLE_OBJC_ARC = YES;
				CLANG_ENABLE_OBJC_WEAK = YES;
				CLANG_WARN_BLOCK_CAPTURE_AUTORELEASING = YES;
				CLANG_WARN_BOOL_CONVERSION = YES;
				CLANG_WARN_COMMA = YES;
				CLANG_WARN_CONSTANT_CONVERSION = YES;
				CLANG_WARN_DEPRECATED_OBJC_IMPLEMENTATIONS = YES;
				CLANG_WARN_DIRECT_OBJC_ISA_USAGE = YES_ERROR;
				CLANG_WARN_DOCUMENTATION_COMMENTS = YES;
				CLANG_WARN_EMPTY_BODY = YES;
				CLANG_WARN_ENUM_CONVERSION = YES;
				CLANG_WARN_INFINITE_RECURSION = YES;
				CLANG_WARN_INT_CONVERSION = YES;
				CLANG_WARN_NON_LITERAL_NULL_CONVERSION = YES;
				CLANG_WARN_OBJC_IMPLICIT_RETAIN_SELF = YES;
				CLANG_WARN_OBJC_LITERAL_CONVERSION = YES;
				CLANG_WARN_OBJC_ROOT_CLASS = YES_ERROR;
				CLANG_WARN_QUOTED_INCLUDE_IN_FRAMEWORK_HEADER = YES;
				CLANG_WARN_RANGE_LOOP_ANALYSIS = YES;
				CLANG_WARN_STRICT_PROTOTYPES = YES;
				CLANG_WARN_SUSPICIOUS_MOVE = YES;
				CLANG_WARN_UNGUARDED_AVAILABILITY = YES_AGGRESSIVE;
				CLANG_WARN_UNREACHABLE_CODE = YES;
				CLANG_WARN__DUPLICATE_METHOD_MATCH = YES;
				COPY_PHASE_STRIP = NO;
				DEBUG_INFORMATION_FORMAT = dwarf;
				ENABLE_STRICT_OBJC_MSGSEND = YES;
				ENABLE_TESTABILITY = YES;
				GCC_C_LANGUAGE_STANDARD = gnu11;
				GCC_DYNAMIC_NO_PIC = NO;
				GCC_NO_COMMON_BLOCKS = YES;
				GCC_OPTIMIZATION_LEVEL = 0;
				GCC_PREPROCESSOR_DEFINITIONS = (
					"DEBUG=1",
					"$(inherited)",
				);
				GCC_WARN_64_TO_32_BIT_CONVERSION = YES;
				GCC_WARN_ABOUT_RETURN_TYPE = YES_ERROR;
				GCC_WARN_UNDECLARED_SELECTOR = YES;
				GCC_WARN_UNINITIALIZED_AUTOS = YES_AGGRESSIVE;
				GCC_WARN_UNUSED_FUNCTION = YES;
				GCC_WARN_UNUSED_VARIABLE = YES;
				INFOPLIST_FILE = Config/Info.plist;
				IPHONEOS_DEPLOYMENT_TARGET = 14.1;
				MTL_ENABLE_DEBUG_INFO = INCLUDE_SOURCE;
				MTL_FAST_MATH = YES;
				ONLY_ACTIVE_ARCH = YES;
				SDKROOT = iphoneos;
				SWIFT_ACTIVE_COMPILATION_CONDITIONS = DEBUG;
				SWIFT_OPTIMIZATION_LEVEL = "-Onone";
			};
			name = Debug;
		};
		08832D5A25C1C7C200DA123A /* Release */ = {
			isa = XCBuildConfiguration;
			buildSettings = {
				ALWAYS_SEARCH_USER_PATHS = NO;
				CLANG_ANALYZER_NONNULL = YES;
				CLANG_ANALYZER_NUMBER_OBJECT_CONVERSION = YES_AGGRESSIVE;
				CLANG_CXX_LANGUAGE_STANDARD = "gnu++14";
				CLANG_CXX_LIBRARY = "libc++";
				CLANG_ENABLE_MODULES = YES;
				CLANG_ENABLE_OBJC_ARC = YES;
				CLANG_ENABLE_OBJC_WEAK = YES;
				CLANG_WARN_BLOCK_CAPTURE_AUTORELEASING = YES;
				CLANG_WARN_BOOL_CONVERSION = YES;
				CLANG_WARN_COMMA = YES;
				CLANG_WARN_CONSTANT_CONVERSION = YES;
				CLANG_WARN_DEPRECATED_OBJC_IMPLEMENTATIONS = YES;
				CLANG_WARN_DIRECT_OBJC_ISA_USAGE = YES_ERROR;
				CLANG_WARN_DOCUMENTATION_COMMENTS = YES;
				CLANG_WARN_EMPTY_BODY = YES;
				CLANG_WARN_ENUM_CONVERSION = YES;
				CLANG_WARN_INFINITE_RECURSION = YES;
				CLANG_WARN_INT_CONVERSION = YES;
				CLANG_WARN_NON_LITERAL_NULL_CONVERSION = YES;
				CLANG_WARN_OBJC_IMPLICIT_RETAIN_SELF = YES;
				CLANG_WARN_OBJC_LITERAL_CONVERSION = YES;
				CLANG_WARN_OBJC_ROOT_CLASS = YES_ERROR;
				CLANG_WARN_QUOTED_INCLUDE_IN_FRAMEWORK_HEADER = YES;
				CLANG_WARN_RANGE_LOOP_ANALYSIS = YES;
				CLANG_WARN_STRICT_PROTOTYPES = YES;
				CLANG_WARN_SUSPICIOUS_MOVE = YES;
				CLANG_WARN_UNGUARDED_AVAILABILITY = YES_AGGRESSIVE;
				CLANG_WARN_UNREACHABLE_CODE = YES;
				CLANG_WARN__DUPLICATE_METHOD_MATCH = YES;
				COPY_PHASE_STRIP = NO;
				DEBUG_INFORMATION_FORMAT = "dwarf-with-dsym";
				ENABLE_NS_ASSERTIONS = NO;
				ENABLE_STRICT_OBJC_MSGSEND = YES;
				GCC_C_LANGUAGE_STANDARD = gnu11;
				GCC_NO_COMMON_BLOCKS = YES;
				GCC_WARN_64_TO_32_BIT_CONVERSION = YES;
				GCC_WARN_ABOUT_RETURN_TYPE = YES_ERROR;
				GCC_WARN_UNDECLARED_SELECTOR = YES;
				GCC_WARN_UNINITIALIZED_AUTOS = YES_AGGRESSIVE;
				GCC_WARN_UNUSED_FUNCTION = YES;
				GCC_WARN_UNUSED_VARIABLE = YES;
				INFOPLIST_FILE = Config/Info.plist;
				IPHONEOS_DEPLOYMENT_TARGET = 14.1;
				MTL_ENABLE_DEBUG_INFO = NO;
				MTL_FAST_MATH = YES;
				SDKROOT = iphoneos;
				SWIFT_COMPILATION_MODE = wholemodule;
				SWIFT_OPTIMIZATION_LEVEL = "-O";
				VALIDATE_PRODUCT = YES;
			};
			name = Release;
		};
		08832D5C25C1C7C200DA123A /* Debug */ = {
			isa = XCBuildConfiguration;
			buildSettings = {
				ASSETCATALOG_COMPILER_APPICON_NAME = AppIcon;
				ASSETCATALOG_COMPILER_GLOBAL_ACCENT_COLOR_NAME = AccentColor;
				CODE_SIGN_STYLE = Automatic;
				DEVELOPMENT_TEAM = 6465YMUMLU;
				INFOPLIST_FILE = QRCode/Config/Info.plist;
				LD_RUNPATH_SEARCH_PATHS = (
					"$(inherited)",
					"@executable_path/Frameworks",
				);
				PRODUCT_BUNDLE_IDENTIFIER = com.pienaaranker.QRCode;
				PRODUCT_NAME = "$(TARGET_NAME)";
				SWIFT_VERSION = 5.0;
				TARGETED_DEVICE_FAMILY = "1,2";
			};
			name = Debug;
		};
		08832D5D25C1C7C200DA123A /* Release */ = {
			isa = XCBuildConfiguration;
			buildSettings = {
				ASSETCATALOG_COMPILER_APPICON_NAME = AppIcon;
				ASSETCATALOG_COMPILER_GLOBAL_ACCENT_COLOR_NAME = AccentColor;
				CODE_SIGN_STYLE = Automatic;
				DEVELOPMENT_TEAM = 6465YMUMLU;
				INFOPLIST_FILE = QRCode/Config/Info.plist;
				LD_RUNPATH_SEARCH_PATHS = (
					"$(inherited)",
					"@executable_path/Frameworks",
				);
				PRODUCT_BUNDLE_IDENTIFIER = com.pienaaranker.QRCode;
				PRODUCT_NAME = "$(TARGET_NAME)";
				SWIFT_VERSION = 5.0;
				TARGETED_DEVICE_FAMILY = "1,2";
			};
			name = Release;
		};
		08832D5F25C1C7C200DA123A /* Debug */ = {
			isa = XCBuildConfiguration;
			buildSettings = {
				ALWAYS_EMBED_SWIFT_STANDARD_LIBRARIES = YES;
				BUNDLE_LOADER = "$(TEST_HOST)";
				CODE_SIGN_STYLE = Automatic;
				DEVELOPMENT_TEAM = 6465YMUMLU;
				INFOPLIST_FILE = QRCodeTests/Info.plist;
				IPHONEOS_DEPLOYMENT_TARGET = 14.1;
				LD_RUNPATH_SEARCH_PATHS = (
					"$(inherited)",
					"@executable_path/Frameworks",
					"@loader_path/Frameworks",
				);
				PRODUCT_BUNDLE_IDENTIFIER = com.pienaaranker.QRCodeTests;
				PRODUCT_NAME = "$(TARGET_NAME)";
				SWIFT_VERSION = 5.0;
				TARGETED_DEVICE_FAMILY = "1,2";
				TEST_HOST = "$(BUILT_PRODUCTS_DIR)/QRCode.app/QRCode";
			};
			name = Debug;
		};
		08832D6025C1C7C200DA123A /* Release */ = {
			isa = XCBuildConfiguration;
			buildSettings = {
				ALWAYS_EMBED_SWIFT_STANDARD_LIBRARIES = YES;
				BUNDLE_LOADER = "$(TEST_HOST)";
				CODE_SIGN_STYLE = Automatic;
				DEVELOPMENT_TEAM = 6465YMUMLU;
				INFOPLIST_FILE = QRCodeTests/Info.plist;
				IPHONEOS_DEPLOYMENT_TARGET = 14.1;
				LD_RUNPATH_SEARCH_PATHS = (
					"$(inherited)",
					"@executable_path/Frameworks",
					"@loader_path/Frameworks",
				);
				PRODUCT_BUNDLE_IDENTIFIER = com.pienaaranker.QRCodeTests;
				PRODUCT_NAME = "$(TARGET_NAME)";
				SWIFT_VERSION = 5.0;
				TARGETED_DEVICE_FAMILY = "1,2";
				TEST_HOST = "$(BUILT_PRODUCTS_DIR)/QRCode.app/QRCode";
			};
			name = Release;
		};
/* End XCBuildConfiguration section */

/* Begin XCConfigurationList section */
		08832D2C25C1C7C000DA123A /* Build configuration list for PBXProject "QRCode" */ = {
			isa = XCConfigurationList;
			buildConfigurations = (
				08832D5925C1C7C200DA123A /* Debug */,
				08832D5A25C1C7C200DA123A /* Release */,
			);
			defaultConfigurationIsVisible = 0;
			defaultConfigurationName = Release;
		};
		08832D5B25C1C7C200DA123A /* Build configuration list for PBXNativeTarget "QRCode" */ = {
			isa = XCConfigurationList;
			buildConfigurations = (
				08832D5C25C1C7C200DA123A /* Debug */,
				08832D5D25C1C7C200DA123A /* Release */,
			);
			defaultConfigurationIsVisible = 0;
			defaultConfigurationName = Release;
		};
		08832D5E25C1C7C200DA123A /* Build configuration list for PBXNativeTarget "QRCodeTests" */ = {
			isa = XCConfigurationList;
			buildConfigurations = (
				08832D5F25C1C7C200DA123A /* Debug */,
				08832D6025C1C7C200DA123A /* Release */,
			);
			defaultConfigurationIsVisible = 0;
			defaultConfigurationName = Release;
		};
/* End XCConfigurationList section */
	};
	rootObject = 08832D2925C1C7C000DA123A /* Project object */;
}
